
Microsoft Visual Studio Solution File, Format Version 12.00
# Visual Studio Version 17
VisualStudioVersion = 17.0.31717.71
MinimumVisualStudioVersion = 10.0.40219.1
Project("{9A19103F-16F7-4668-BE54-9A1E7A4F7556}") = "HidApiSharp", "HidApiSharp\HidApiSharp.csproj", "{89129044-B895-49D2-A2DB-538B5BB406A4}"
EndProject
Project("{9A19103F-16F7-4668-BE54-9A1E7A4F7556}") = "JoyConSharp", "JoyConSharp\JoyConSharp.csproj", "{A8FB0AC5-31BB-438C-887C-7F4A731B2E1C}"
EndProject
Project("{9A19103F-16F7-4668-BE54-9A1E7A4F7556}") = "NonDominant", "NonDominant\NonDominant.csproj", "{13BC625D-2826-4B2E-9327-319CCA392048}"
EndProject
Project("{2150E333-8FDC-42A3-9474-1A3956D46DE8}") = "Solution Items", "Solution Items", "{1604A1B4-614C-4C2A-AFB4-7A6B042C2DCD}"
	ProjectSection(SolutionItems) = preProject
		.editorconfig = .editorconfig
	EndProjectSection
EndProject
Project("{9A19103F-16F7-4668-BE54-9A1E7A4F7556}") = "JoyConSharpTestConsole", "JoyConSharpTestConsole\JoyConSharpTestConsole.csproj", "{3F8E837D-5AAB-42AF-964E-7A6EA5B7298B}"
EndProject
Project("{9A19103F-16F7-4668-BE54-9A1E7A4F7556}") = "NonDominantCore", "NonDominantCore\NonDominantCore.csproj", "{0BA29BC1-7E48-47FD-9728-8868119E05B8}"
EndProject
Project("{FAE04EC0-301F-11D3-BF4B-00C04F79EFBC}") = "NonDominantCore.Tests", "NonDominantCore.Tests\NonDominantCore.Tests.csproj", "{AA6F5EF4-8C0D-4EF4-B28E-23DB233E3348}"
EndProject
Global
	GlobalSection(SolutionConfigurationPlatforms) = preSolution
		Debug|Any CPU = Debug|Any CPU
		Release|Any CPU = Release|Any CPU
	EndGlobalSection
	GlobalSection(ProjectConfigurationPlatforms) = postSolution
		{89129044-B895-49D2-A2DB-538B5BB406A4}.Debug|Any CPU.ActiveCfg = Debug|Any CPU
		{89129044-B895-49D2-A2DB-538B5BB406A4}.Debug|Any CPU.Build.0 = Debug|Any CPU
		{89129044-B895-49D2-A2DB-538B5BB406A4}.Release|Any CPU.ActiveCfg = Release|Any CPU
		{89129044-B895-49D2-A2DB-538B5BB406A4}.Release|Any CPU.Build.0 = Release|Any CPU
		{A8FB0AC5-31BB-438C-887C-7F4A731B2E1C}.Debug|Any CPU.ActiveCfg = Debug|Any CPU
		{A8FB0AC5-31BB-438C-887C-7F4A731B2E1C}.Debug|Any CPU.Build.0 = Debug|Any CPU
		{A8FB0AC5-31BB-438C-887C-7F4A731B2E1C}.Release|Any CPU.ActiveCfg = Release|Any CPU
		{A8FB0AC5-31BB-438C-887C-7F4A731B2E1C}.Release|Any CPU.Build.0 = Release|Any CPU
		{13BC625D-2826-4B2E-9327-319CCA392048}.Debug|Any CPU.ActiveCfg = Debug|Any CPU
		{13BC625D-2826-4B2E-9327-319CCA392048}.Debug|Any CPU.Build.0 = Debug|Any CPU
		{13BC625D-2826-4B2E-9327-319CCA392048}.Release|Any CPU.ActiveCfg = Release|Any CPU
		{13BC625D-2826-4B2E-9327-319CCA392048}.Release|Any CPU.Build.0 = Release|Any CPU
		{3F8E837D-5AAB-42AF-964E-7A6EA5B7298B}.Debug|Any CPU.ActiveCfg = Debug|Any CPU
		{3F8E837D-5AAB-42AF-964E-7A6EA5B7298B}.Debug|Any CPU.Build.0 = Debug|Any CPU
		{3F8E837D-5AAB-42AF-964E-7A6EA5B7298B}.Release|Any CPU.ActiveCfg = Release|Any CPU
		{3F8E837D-5AAB-42AF-964E-7A6EA5B7298B}.Release|Any CPU.Build.0 = Release|Any CPU
		{0BA29BC1-7E48-47FD-9728-8868119E05B8}.Debug|Any CPU.ActiveCfg = Debug|Any CPU
		{0BA29BC1-7E48-47FD-9728-8868119E05B8}.Debug|Any CPU.Build.0 = Debug|Any CPU
		{0BA29BC1-7E48-47FD-9728-8868119E05B8}.Release|Any CPU.ActiveCfg = Release|Any CPU
		{0BA29BC1-7E48-47FD-9728-8868119E05B8}.Release|Any CPU.Build.0 = Release|Any CPU
		{AA6F5EF4-8C0D-4EF4-B28E-23DB233E3348}.Debug|Any CPU.ActiveCfg = Debug|Any CPU
		{AA6F5EF4-8C0D-4EF4-B28E-23DB233E3348}.Debug|Any CPU.Build.0 = Debug|Any CPU
		{AA6F5EF4-8C0D-4EF4-B28E-23DB233E3348}.Release|Any CPU.ActiveCfg = Release|Any CPU
		{AA6F5EF4-8C0D-4EF4-B28E-23DB233E3348}.Release|Any CPU.Build.0 = Release|Any CPU
	EndGlobalSection
	GlobalSection(SolutionProperties) = preSolution
		HideSolutionNode = FALSE
	EndGlobalSection
	GlobalSection(ExtensibilityGlobals) = postSolution
		SolutionGuid = {82AEB6F6-D70B-44AC-8199-F85CFDC25FE4}
	EndGlobalSection
EndGlobal
